
Microsoft Visual Studio Solution File, Format Version 12.00
Project("{2150E333-8FDC-42A3-9474-1A3956D46DE8}") = "Core", "Core", "{50369810-DF6D-48FD-AFF1-1FC2B2A888F6}"
EndProject
Project("{2150E333-8FDC-42A3-9474-1A3956D46DE8}") = "Infrastructure", "Infrastructure", "{7908C2EC-6251-4E89-A913-FCAA22FA85C5}"
EndProject
Project("{2150E333-8FDC-42A3-9474-1A3956D46DE8}") = "Presentation", "Presentation", "{D576AD44-EE9A-4E8E-A3DA-1CC951E1F247}"
EndProject
Project("{2150E333-8FDC-42A3-9474-1A3956D46DE8}") = "Tests", "Tests", "{72DBD5D7-E41B-4FC7-866B-A38B98F19AB4}"
EndProject
Project("{FAE04EC0-301F-11D3-BF4B-00C04F79EFBC}") = "Users.Application", "Users.Application\Users.Application.csproj", "{55397496-3355-4B71-B9C6-F2D932127656}"
EndProject
Project("{FAE04EC0-301F-11D3-BF4B-00C04F79EFBC}") = "Users.Domain", "Users.Domain\Users.Domain.csproj", "{886CD569-5F80-4E4B-8B49-E1CB7C11EBD0}"
EndProject
Project("{FAE04EC0-301F-11D3-BF4B-00C04F79EFBC}") = "Users.Persistence", "Users.Persistence\Users.Persistence.csproj", "{AB4D7A2C-979B-4FA7-BABB-8F721653831C}"
EndProject
Project("{FAE04EC0-301F-11D3-BF4B-00C04F79EFBC}") = "Users.UnitTests", "Users.UnitTests\Users.UnitTests.csproj", "{50179AE9-C22A-4483-83E2-ED2838E84384}"
EndProject
Project("{FAE04EC0-301F-11D3-BF4B-00C04F79EFBC}") = "Notes.WebApp", "Notes.WebApp\Notes.WebApp.csproj", "{FFFB6AAE-0084-485D-A8B0-6C858CBCB7E4}"
EndProject
Global
	GlobalSection(SolutionConfigurationPlatforms) = preSolution
		Debug|Any CPU = Debug|Any CPU
		Release|Any CPU = Release|Any CPU
	EndGlobalSection
	GlobalSection(NestedProjects) = preSolution
		{55397496-3355-4B71-B9C6-F2D932127656} = {50369810-DF6D-48FD-AFF1-1FC2B2A888F6}
		{886CD569-5F80-4E4B-8B49-E1CB7C11EBD0} = {50369810-DF6D-48FD-AFF1-1FC2B2A888F6}
		{AB4D7A2C-979B-4FA7-BABB-8F721653831C} = {7908C2EC-6251-4E89-A913-FCAA22FA85C5}
		{50179AE9-C22A-4483-83E2-ED2838E84384} = {72DBD5D7-E41B-4FC7-866B-A38B98F19AB4}
		{FFFB6AAE-0084-485D-A8B0-6C858CBCB7E4} = {D576AD44-EE9A-4E8E-A3DA-1CC951E1F247}
	EndGlobalSection
	GlobalSection(ProjectConfigurationPlatforms) = postSolution
		{55397496-3355-4B71-B9C6-F2D932127656}.Debug|Any CPU.ActiveCfg = Debug|Any CPU
		{55397496-3355-4B71-B9C6-F2D932127656}.Debug|Any CPU.Build.0 = Debug|Any CPU
		{55397496-3355-4B71-B9C6-F2D932127656}.Release|Any CPU.ActiveCfg = Release|Any CPU
		{55397496-3355-4B71-B9C6-F2D932127656}.Release|Any CPU.Build.0 = Release|Any CPU
		{886CD569-5F80-4E4B-8B49-E1CB7C11EBD0}.Debug|Any CPU.ActiveCfg = Debug|Any CPU
		{886CD569-5F80-4E4B-8B49-E1CB7C11EBD0}.Debug|Any CPU.Build.0 = Debug|Any CPU
		{886CD569-5F80-4E4B-8B49-E1CB7C11EBD0}.Release|Any CPU.ActiveCfg = Release|Any CPU
		{886CD569-5F80-4E4B-8B49-E1CB7C11EBD0}.Release|Any CPU.Build.0 = Release|Any CPU
		{AB4D7A2C-979B-4FA7-BABB-8F721653831C}.Debug|Any CPU.ActiveCfg = Debug|Any CPU
		{AB4D7A2C-979B-4FA7-BABB-8F721653831C}.Debug|Any CPU.Build.0 = Debug|Any CPU
		{AB4D7A2C-979B-4FA7-BABB-8F721653831C}.Release|Any CPU.ActiveCfg = Release|Any CPU
		{AB4D7A2C-979B-4FA7-BABB-8F721653831C}.Release|Any CPU.Build.0 = Release|Any CPU
		{50179AE9-C22A-4483-83E2-ED2838E84384}.Debug|Any CPU.ActiveCfg = Debug|Any CPU
		{50179AE9-C22A-4483-83E2-ED2838E84384}.Debug|Any CPU.Build.0 = Debug|Any CPU
		{50179AE9-C22A-4483-83E2-ED2838E84384}.Release|Any CPU.ActiveCfg = Release|Any CPU
		{50179AE9-C22A-4483-83E2-ED2838E84384}.Release|Any CPU.Build.0 = Release|Any CPU
		{FFFB6AAE-0084-485D-A8B0-6C858CBCB7E4}.Debug|Any CPU.ActiveCfg = Debug|Any CPU
		{FFFB6AAE-0084-485D-A8B0-6C858CBCB7E4}.Debug|Any CPU.Build.0 = Debug|Any CPU
		{FFFB6AAE-0084-485D-A8B0-6C858CBCB7E4}.Release|Any CPU.ActiveCfg = Release|Any CPU
		{FFFB6AAE-0084-485D-A8B0-6C858CBCB7E4}.Release|Any CPU.Build.0 = Release|Any CPU
	EndGlobalSection
EndGlobal
